// !$*UTF8*$!
{
	archiveVersion = 1;
	classes = {
	};
	objectVersion = 46;
	objects = {

/* Begin PBXBuildFile section */
		A457DE191B0E1B4000277EDC /* main.m in Sources */ = {isa = PBXBuildFile; fileRef = A457DE181B0E1B4000277EDC /* main.m */; };
		A457DE1C1B0E1B4000277EDC /* AppDelegate.m in Sources */ = {isa = PBXBuildFile; fileRef = A457DE1B1B0E1B4000277EDC /* AppDelegate.m */; };
		A457DE1F1B0E1B4000277EDC /* PositionViewController.m in Sources */ = {isa = PBXBuildFile; fileRef = A457DE1E1B0E1B4000277EDC /* PositionViewController.m */; };
		A457DE221B0E1B4000277EDC /* Main.storyboard in Resources */ = {isa = PBXBuildFile; fileRef = A457DE201B0E1B4000277EDC /* Main.storyboard */; };
		A457DE241B0E1B4000277EDC /* Images.xcassets in Resources */ = {isa = PBXBuildFile; fileRef = A457DE231B0E1B4000277EDC /* Images.xcassets */; };
		A457DE271B0E1B4000277EDC /* LaunchScreen.xib in Resources */ = {isa = PBXBuildFile; fileRef = A457DE251B0E1B4000277EDC /* LaunchScreen.xib */; };
		A457DE331B0E1B4100277EDC /* UbuduIndoorLocationTests.m in Sources */ = {isa = PBXBuildFile; fileRef = A457DE321B0E1B4100277EDC /* UbuduIndoorLocationTests.m */; };
		A46AA6FA1B0E3BA60088A6DC /* UbuduIndoorLocation.framework in Frameworks */ = {isa = PBXBuildFile; fileRef = A46AA6F91B0E3BA60088A6DC /* UbuduIndoorLocation.framework */; };
		A46AA7311B0E3C390088A6DC /* Foundation.framework in Frameworks */ = {isa = PBXBuildFile; fileRef = A46AA7301B0E3C390088A6DC /* Foundation.framework */; };
		A46AA7331B0E3C3F0088A6DC /* CoreGraphics.framework in Frameworks */ = {isa = PBXBuildFile; fileRef = A46AA7321B0E3C3F0088A6DC /* CoreGraphics.framework */; };
		A46AA7351B0E3C460088A6DC /* UIKit.framework in Frameworks */ = {isa = PBXBuildFile; fileRef = A46AA7341B0E3C460088A6DC /* UIKit.framework */; };
		A46AA7371B0E3C4C0088A6DC /* CoreLocation.framework in Frameworks */ = {isa = PBXBuildFile; fileRef = A46AA7361B0E3C4C0088A6DC /* CoreLocation.framework */; };
		A46AA7391B0E3C530088A6DC /* ImageIO.framework in Frameworks */ = {isa = PBXBuildFile; fileRef = A46AA7381B0E3C530088A6DC /* ImageIO.framework */; };
		A46AA73B1B0E3C5A0088A6DC /* libc++.dylib in Frameworks */ = {isa = PBXBuildFile; fileRef = A46AA73A1B0E3C5A0088A6DC /* libc++.dylib */; };
/* End PBXBuildFile section */

/* Begin PBXContainerItemProxy section */
		A457DE2D1B0E1B4100277EDC /* PBXContainerItemProxy */ = {
			isa = PBXContainerItemProxy;
			containerPortal = A457DE0B1B0E1B4000277EDC /* Project object */;
			proxyType = 1;
			remoteGlobalIDString = A457DE121B0E1B4000277EDC;
			remoteInfo = UbuduIndoorLocation;
		};
/* End PBXContainerItemProxy section */

/* Begin PBXFileReference section */
		A457DE131B0E1B4000277EDC /* Indoor Location.app */ = {isa = PBXFileReference; explicitFileType = wrapper.application; includeInIndex = 0; path = "Indoor Location.app"; sourceTree = BUILT_PRODUCTS_DIR; };
		A457DE171B0E1B4000277EDC /* Info.plist */ = {isa = PBXFileReference; lastKnownFileType = text.plist.xml; path = Info.plist; sourceTree = "<group>"; };
		A457DE181B0E1B4000277EDC /* main.m */ = {isa = PBXFileReference; lastKnownFileType = sourcecode.c.objc; path = main.m; sourceTree = "<group>"; };
		A457DE1A1B0E1B4000277EDC /* AppDelegate.h */ = {isa = PBXFileReference; lastKnownFileType = sourcecode.c.h; path = AppDelegate.h; sourceTree = "<group>"; };
		A457DE1B1B0E1B4000277EDC /* AppDelegate.m */ = {isa = PBXFileReference; lastKnownFileType = sourcecode.c.objc; path = AppDelegate.m; sourceTree = "<group>"; };
		A457DE1D1B0E1B4000277EDC /* PositionViewController.h */ = {isa = PBXFileReference; lastKnownFileType = sourcecode.c.h; path = PositionViewController.h; sourceTree = "<group>"; };
		A457DE1E1B0E1B4000277EDC /* PositionViewController.m */ = {isa = PBXFileReference; lastKnownFileType = sourcecode.c.objc; path = PositionViewController.m; sourceTree = "<group>"; };
		A457DE211B0E1B4000277EDC /* Base */ = {isa = PBXFileReference; lastKnownFileType = file.storyboard; name = Base; path = Base.lproj/Main.storyboard; sourceTree = "<group>"; };
		A457DE231B0E1B4000277EDC /* Images.xcassets */ = {isa = PBXFileReference; lastKnownFileType = folder.assetcatalog; path = Images.xcassets; sourceTree = "<group>"; };
		A457DE261B0E1B4000277EDC /* Base */ = {isa = PBXFileReference; lastKnownFileType = file.xib; name = Base; path = Base.lproj/LaunchScreen.xib; sourceTree = "<group>"; };
		A457DE2C1B0E1B4100277EDC /* UbuduIndoorLocationTests.xctest */ = {isa = PBXFileReference; explicitFileType = wrapper.cfbundle; includeInIndex = 0; path = UbuduIndoorLocationTests.xctest; sourceTree = BUILT_PRODUCTS_DIR; };
		A457DE311B0E1B4100277EDC /* Info.plist */ = {isa = PBXFileReference; lastKnownFileType = text.plist.xml; path = Info.plist; sourceTree = "<group>"; };
		A457DE321B0E1B4100277EDC /* UbuduIndoorLocationTests.m */ = {isa = PBXFileReference; lastKnownFileType = sourcecode.c.objc; path = UbuduIndoorLocationTests.m; sourceTree = "<group>"; };
		A46AA6F91B0E3BA60088A6DC /* UbuduIndoorLocation.framework */ = {isa = PBXFileReference; lastKnownFileType = wrapper.framework; name = UbuduIndoorLocation.framework; path = ../UbuduIndoorLocation.framework; sourceTree = "<group>"; };
		A46AA7301B0E3C390088A6DC /* Foundation.framework */ = {isa = PBXFileReference; lastKnownFileType = wrapper.framework; name = Foundation.framework; path = System/Library/Frameworks/Foundation.framework; sourceTree = SDKROOT; };
		A46AA7321B0E3C3F0088A6DC /* CoreGraphics.framework */ = {isa = PBXFileReference; lastKnownFileType = wrapper.framework; name = CoreGraphics.framework; path = System/Library/Frameworks/CoreGraphics.framework; sourceTree = SDKROOT; };
		A46AA7341B0E3C460088A6DC /* UIKit.framework */ = {isa = PBXFileReference; lastKnownFileType = wrapper.framework; name = UIKit.framework; path = System/Library/Frameworks/UIKit.framework; sourceTree = SDKROOT; };
		A46AA7361B0E3C4C0088A6DC /* CoreLocation.framework */ = {isa = PBXFileReference; lastKnownFileType = wrapper.framework; name = CoreLocation.framework; path = System/Library/Frameworks/CoreLocation.framework; sourceTree = SDKROOT; };
		A46AA7381B0E3C530088A6DC /* ImageIO.framework */ = {isa = PBXFileReference; lastKnownFileType = wrapper.framework; name = ImageIO.framework; path = System/Library/Frameworks/ImageIO.framework; sourceTree = SDKROOT; };
		A46AA73A1B0E3C5A0088A6DC /* libc++.dylib */ = {isa = PBXFileReference; lastKnownFileType = "compiled.mach-o.dylib"; name = "libc++.dylib"; path = "usr/lib/libc++.dylib"; sourceTree = SDKROOT; };
/* End PBXFileReference section */

/* Begin PBXFrameworksBuildPhase section */
		A457DE101B0E1B4000277EDC /* Frameworks */ = {
			isa = PBXFrameworksBuildPhase;
			buildActionMask = 2147483647;
			files = (
				A46AA73B1B0E3C5A0088A6DC /* libc++.dylib in Frameworks */,
				A46AA7391B0E3C530088A6DC /* ImageIO.framework in Frameworks */,
				A46AA7371B0E3C4C0088A6DC /* CoreLocation.framework in Frameworks */,
				A46AA7351B0E3C460088A6DC /* UIKit.framework in Frameworks */,
				A46AA7331B0E3C3F0088A6DC /* CoreGraphics.framework in Frameworks */,
				A46AA7311B0E3C390088A6DC /* Foundation.framework in Frameworks */,
				A46AA6FA1B0E3BA60088A6DC /* UbuduIndoorLocation.framework in Frameworks */,
			);
			runOnlyForDeploymentPostprocessing = 0;
		};
		A457DE291B0E1B4100277EDC /* Frameworks */ = {
			isa = PBXFrameworksBuildPhase;
			buildActionMask = 2147483647;
			files = (
			);
			runOnlyForDeploymentPostprocessing = 0;
		};
/* End PBXFrameworksBuildPhase section */

/* Begin PBXGroup section */
		A457DE0A1B0E1B4000277EDC = {
			isa = PBXGroup;
			children = (
				A457DE151B0E1B4000277EDC /* UbuduIndoorLocation */,
				A457DE2F1B0E1B4100277EDC /* UbuduIndoorLocationTests */,
				A457DE141B0E1B4000277EDC /* Products */,
			);
			sourceTree = "<group>";
		};
		A457DE141B0E1B4000277EDC /* Products */ = {
			isa = PBXGroup;
			children = (
				A457DE131B0E1B4000277EDC /* Indoor Location.app */,
				A457DE2C1B0E1B4100277EDC /* UbuduIndoorLocationTests.xctest */,
			);
			name = Products;
			sourceTree = "<group>";
		};
		A457DE151B0E1B4000277EDC /* UbuduIndoorLocation */ = {
			isa = PBXGroup;
			children = (
				A457DE1A1B0E1B4000277EDC /* AppDelegate.h */,
				A457DE1B1B0E1B4000277EDC /* AppDelegate.m */,
				A457DE1D1B0E1B4000277EDC /* PositionViewController.h */,
				A457DE1E1B0E1B4000277EDC /* PositionViewController.m */,
				A457DE201B0E1B4000277EDC /* Main.storyboard */,
				A457DE251B0E1B4000277EDC /* LaunchScreen.xib */,
				A457DE231B0E1B4000277EDC /* Images.xcassets */,
				A46AA73C1B0E3CDA0088A6DC /* Frameworks */,
				A457DE161B0E1B4000277EDC /* Supporting Files */,
			);
			path = UbuduIndoorLocation;
			sourceTree = "<group>";
		};
		A457DE161B0E1B4000277EDC /* Supporting Files */ = {
			isa = PBXGroup;
			children = (
				A457DE171B0E1B4000277EDC /* Info.plist */,
				A457DE181B0E1B4000277EDC /* main.m */,
			);
			name = "Supporting Files";
			sourceTree = "<group>";
		};
		A457DE2F1B0E1B4100277EDC /* UbuduIndoorLocationTests */ = {
			isa = PBXGroup;
			children = (
				A457DE321B0E1B4100277EDC /* UbuduIndoorLocationTests.m */,
				A457DE301B0E1B4100277EDC /* Supporting Files */,
			);
			path = UbuduIndoorLocationTests;
			sourceTree = "<group>";
		};
		A457DE301B0E1B4100277EDC /* Supporting Files */ = {
			isa = PBXGroup;
			children = (
				A457DE311B0E1B4100277EDC /* Info.plist */,
			);
			name = "Supporting Files";
			sourceTree = "<group>";
		};
		A46AA73C1B0E3CDA0088A6DC /* Frameworks */ = {
			isa = PBXGroup;
			children = (
				A46AA6F91B0E3BA60088A6DC /* UbuduIndoorLocation.framework */,
				A46AA7361B0E3C4C0088A6DC /* CoreLocation.framework */,
				A46AA7381B0E3C530088A6DC /* ImageIO.framework */,
				A46AA7341B0E3C460088A6DC /* UIKit.framework */,
				A46AA7321B0E3C3F0088A6DC /* CoreGraphics.framework */,
				A46AA7301B0E3C390088A6DC /* Foundation.framework */,
				A46AA73A1B0E3C5A0088A6DC /* libc++.dylib */,
			);
			name = Frameworks;
			path = ..;
			sourceTree = "<group>";
		};
/* End PBXGroup section */

/* Begin PBXNativeTarget section */
		A457DE121B0E1B4000277EDC /* UbuduIndoorLocation */ = {
			isa = PBXNativeTarget;
			buildConfigurationList = A457DE361B0E1B4100277EDC /* Build configuration list for PBXNativeTarget "UbuduIndoorLocation" */;
			buildPhases = (
				A457DE0F1B0E1B4000277EDC /* Sources */,
				A457DE101B0E1B4000277EDC /* Frameworks */,
				A457DE111B0E1B4000277EDC /* Resources */,
			);
			buildRules = (
			);
			dependencies = (
			);
			name = UbuduIndoorLocation;
			productName = UbuduIndoorLocation;
			productReference = A457DE131B0E1B4000277EDC /* Indoor Location.app */;
			productType = "com.apple.product-type.application";
		};
		A457DE2B1B0E1B4100277EDC /* UbuduIndoorLocationTests */ = {
			isa = PBXNativeTarget;
			buildConfigurationList = A457DE391B0E1B4100277EDC /* Build configuration list for PBXNativeTarget "UbuduIndoorLocationTests" */;
			buildPhases = (
				A457DE281B0E1B4100277EDC /* Sources */,
				A457DE291B0E1B4100277EDC /* Frameworks */,
				A457DE2A1B0E1B4100277EDC /* Resources */,
			);
			buildRules = (
			);
			dependencies = (
				A457DE2E1B0E1B4100277EDC /* PBXTargetDependency */,
			);
			name = UbuduIndoorLocationTests;
			productName = UbuduIndoorLocationTests;
			productReference = A457DE2C1B0E1B4100277EDC /* UbuduIndoorLocationTests.xctest */;
			productType = "com.apple.product-type.bundle.unit-test";
		};
/* End PBXNativeTarget section */

/* Begin PBXProject section */
		A457DE0B1B0E1B4000277EDC /* Project object */ = {
			isa = PBXProject;
			attributes = {
				LastUpgradeCheck = 0630;
				ORGANIZATIONNAME = Ubudu;
				TargetAttributes = {
					A457DE121B0E1B4000277EDC = {
						CreatedOnToolsVersion = 6.3.1;
					};
					A457DE2B1B0E1B4100277EDC = {
						CreatedOnToolsVersion = 6.3.1;
						TestTargetID = A457DE121B0E1B4000277EDC;
					};
				};
			};
			buildConfigurationList = A457DE0E1B0E1B4000277EDC /* Build configuration list for PBXProject "UbuduIndoorLocation" */;
			compatibilityVersion = "Xcode 3.2";
			developmentRegion = English;
			hasScannedForEncodings = 0;
			knownRegions = (
				en,
				Base,
			);
			mainGroup = A457DE0A1B0E1B4000277EDC;
			productRefGroup = A457DE141B0E1B4000277EDC /* Products */;
			projectDirPath = "";
			projectRoot = "";
			targets = (
				A457DE121B0E1B4000277EDC /* UbuduIndoorLocation */,
				A457DE2B1B0E1B4100277EDC /* UbuduIndoorLocationTests */,
			);
		};
/* End PBXProject section */

/* Begin PBXResourcesBuildPhase section */
		A457DE111B0E1B4000277EDC /* Resources */ = {
			isa = PBXResourcesBuildPhase;
			buildActionMask = 2147483647;
			files = (
				A457DE221B0E1B4000277EDC /* Main.storyboard in Resources */,
				A457DE271B0E1B4000277EDC /* LaunchScreen.xib in Resources */,
				A457DE241B0E1B4000277EDC /* Images.xcassets in Resources */,
			);
			runOnlyForDeploymentPostprocessing = 0;
		};
		A457DE2A1B0E1B4100277EDC /* Resources */ = {
			isa = PBXResourcesBuildPhase;
			buildActionMask = 2147483647;
			files = (
			);
			runOnlyForDeploymentPostprocessing = 0;
		};
/* End PBXResourcesBuildPhase section */

/* Begin PBXSourcesBuildPhase section */
		A457DE0F1B0E1B4000277EDC /* Sources */ = {
			isa = PBXSourcesBuildPhase;
			buildActionMask = 2147483647;
			files = (
				A457DE1F1B0E1B4000277EDC /* PositionViewController.m in Sources */,
				A457DE1C1B0E1B4000277EDC /* AppDelegate.m in Sources */,
				A457DE191B0E1B4000277EDC /* main.m in Sources */,
			);
			runOnlyForDeploymentPostprocessing = 0;
		};
		A457DE281B0E1B4100277EDC /* Sources */ = {
			isa = PBXSourcesBuildPhase;
			buildActionMask = 2147483647;
			files = (
				A457DE331B0E1B4100277EDC /* UbuduIndoorLocationTests.m in Sources */,
			);
			runOnlyForDeploymentPostprocessing = 0;
		};
/* End PBXSourcesBuildPhase section */

/* Begin PBXTargetDependency section */
		A457DE2E1B0E1B4100277EDC /* PBXTargetDependency */ = {
			isa = PBXTargetDependency;
			target = A457DE121B0E1B4000277EDC /* UbuduIndoorLocation */;
			targetProxy = A457DE2D1B0E1B4100277EDC /* PBXContainerItemProxy */;
		};
/* End PBXTargetDependency section */

/* Begin PBXVariantGroup section */
		A457DE201B0E1B4000277EDC /* Main.storyboard */ = {
			isa = PBXVariantGroup;
			children = (
				A457DE211B0E1B4000277EDC /* Base */,
			);
			name = Main.storyboard;
			sourceTree = "<group>";
		};
		A457DE251B0E1B4000277EDC /* LaunchScreen.xib */ = {
			isa = PBXVariantGroup;
			children = (
				A457DE261B0E1B4000277EDC /* Base */,
			);
			name = LaunchScreen.xib;
			sourceTree = "<group>";
		};
/* End PBXVariantGroup section */

/* Begin XCBuildConfiguration section */
		A457DE341B0E1B4100277EDC /* Debug */ = {
			isa = XCBuildConfiguration;
			buildSettings = {
				ALWAYS_SEARCH_USER_PATHS = NO;
				CLANG_CXX_LANGUAGE_STANDARD = "gnu++0x";
				CLANG_CXX_LIBRARY = "libc++";
				CLANG_ENABLE_MODULES = YES;
				CLANG_ENABLE_OBJC_ARC = YES;
				CLANG_WARN_BOOL_CONVERSION = YES;
				CLANG_WARN_CONSTANT_CONVERSION = YES;
				CLANG_WARN_DIRECT_OBJC_ISA_USAGE = YES_ERROR;
				CLANG_WARN_EMPTY_BODY = YES;
				CLANG_WARN_ENUM_CONVERSION = YES;
				CLANG_WARN_INT_CONVERSION = YES;
				CLANG_WARN_OBJC_ROOT_CLASS = YES_ERROR;
				CLANG_WARN_UNREACHABLE_CODE = YES;
				CLANG_WARN__DUPLICATE_METHOD_MATCH = YES;
				"CODE_SIGN_IDENTITY[sdk=iphoneos*]" = "iPhone Developer";
				COPY_PHASE_STRIP = NO;
				DEBUG_INFORMATION_FORMAT = "dwarf-with-dsym";
				ENABLE_STRICT_OBJC_MSGSEND = YES;
				GCC_C_LANGUAGE_STANDARD = gnu99;
				GCC_DYNAMIC_NO_PIC = NO;
				GCC_NO_COMMON_BLOCKS = YES;
				GCC_OPTIMIZATION_LEVEL = 0;
				GCC_PREPROCESSOR_DEFINITIONS = (
					"DEBUG=1",
					"$(inherited)",
				);
				GCC_SYMBOLS_PRIVATE_EXTERN = NO;
				GCC_WARN_64_TO_32_BIT_CONVERSION = YES;
				GCC_WARN_ABOUT_RETURN_TYPE = YES_ERROR;
				GCC_WARN_UNDECLARED_SELECTOR = YES;
				GCC_WARN_UNINITIALIZED_AUTOS = YES_AGGRESSIVE;
				GCC_WARN_UNUSED_FUNCTION = YES;
				GCC_WARN_UNUSED_VARIABLE = YES;
				IPHONEOS_DEPLOYMENT_TARGET = 8.3;
				MTL_ENABLE_DEBUG_INFO = YES;
				ONLY_ACTIVE_ARCH = YES;
				SDKROOT = iphoneos;
				TARGETED_DEVICE_FAMILY = "1,2";
			};
			name = Debug;
		};
		A457DE351B0E1B4100277EDC /* Release */ = {
			isa = XCBuildConfiguration;
			buildSettings = {
				ALWAYS_SEARCH_USER_PATHS = NO;
				CLANG_CXX_LANGUAGE_STANDARD = "gnu++0x";
				CLANG_CXX_LIBRARY = "libc++";
				CLANG_ENABLE_MODULES = YES;
				CLANG_ENABLE_OBJC_ARC = YES;
				CLANG_WARN_BOOL_CONVERSION = YES;
				CLANG_WARN_CONSTANT_CONVERSION = YES;
				CLANG_WARN_DIRECT_OBJC_ISA_USAGE = YES_ERROR;
				CLANG_WARN_EMPTY_BODY = YES;
				CLANG_WARN_ENUM_CONVERSION = YES;
				CLANG_WARN_INT_CONVERSION = YES;
				CLANG_WARN_OBJC_ROOT_CLASS = YES_ERROR;
				CLANG_WARN_UNREACHABLE_CODE = YES;
				CLANG_WARN__DUPLICATE_METHOD_MATCH = YES;
				"CODE_SIGN_IDENTITY[sdk=iphoneos*]" = "iPhone Developer";
				COPY_PHASE_STRIP = NO;
				DEBUG_INFORMATION_FORMAT = "dwarf-with-dsym";
				ENABLE_NS_ASSERTIONS = NO;
				ENABLE_STRICT_OBJC_MSGSEND = YES;
				GCC_C_LANGUAGE_STANDARD = gnu99;
				GCC_NO_COMMON_BLOCKS = YES;
				GCC_WARN_64_TO_32_BIT_CONVERSION = YES;
				GCC_WARN_ABOUT_RETURN_TYPE = YES_ERROR;
				GCC_WARN_UNDECLARED_SELECTOR = YES;
				GCC_WARN_UNINITIALIZED_AUTOS = YES_AGGRESSIVE;
				GCC_WARN_UNUSED_FUNCTION = YES;
				GCC_WARN_UNUSED_VARIABLE = YES;
				IPHONEOS_DEPLOYMENT_TARGET = 8.3;
				MTL_ENABLE_DEBUG_INFO = NO;
				SDKROOT = iphoneos;
				TARGETED_DEVICE_FAMILY = "1,2";
				VALIDATE_PRODUCT = YES;
			};
			name = Release;
		};
		A457DE371B0E1B4100277EDC /* Debug */ = {
			isa = XCBuildConfiguration;
			buildSettings = {
				ASSETCATALOG_COMPILER_APPICON_NAME = AppIcon;
				FRAMEWORK_SEARCH_PATHS = (
					"$(inherited)",
					"/Users/ubudu/Documents/dev/public/IOS-IndoorLocation-SDK",
				);
				INFOPLIST_FILE = UbuduIndoorLocation/Info.plist;
				IPHONEOS_DEPLOYMENT_TARGET = 7.0;
				LD_RUNPATH_SEARCH_PATHS = "$(inherited) @executable_path/Frameworks";
				OTHER_LDFLAGS = "-ObjC";
				PRODUCT_NAME = "Indoor Location";
				TARGETED_DEVICE_FAMILY = "1,2";
			};
			name = Debug;
		};
		A457DE381B0E1B4100277EDC /* Release */ = {
			isa = XCBuildConfiguration;
			buildSettings = {
				ASSETCATALOG_COMPILER_APPICON_NAME = AppIcon;
				FRAMEWORK_SEARCH_PATHS = (
					"$(inherited)",
					"/Users/ubudu/Documents/dev/public/IOS-IndoorLocation-SDK",
				);
				INFOPLIST_FILE = UbuduIndoorLocation/Info.plist;
				IPHONEOS_DEPLOYMENT_TARGET = 7.0;
				LD_RUNPATH_SEARCH_PATHS = "$(inherited) @executable_path/Frameworks";
				OTHER_LDFLAGS = "-ObjC";
				PRODUCT_NAME = "Indoor Location";
				TARGETED_DEVICE_FAMILY = "1,2";
			};
			name = Release;
		};
		A457DE3A1B0E1B4100277EDC /* Debug */ = {
			isa = XCBuildConfiguration;
			buildSettings = {
				BUNDLE_LOADER = "$(TEST_HOST)";
				FRAMEWORK_SEARCH_PATHS = (
					"$(SDKROOT)/Developer/Library/Frameworks",
					"$(inherited)",
				);
				GCC_PREPROCESSOR_DEFINITIONS = (
					"DEBUG=1",
					"$(inherited)",
				);
				INFOPLIST_FILE = UbuduIndoorLocationTests/Info.plist;
				LD_RUNPATH_SEARCH_PATHS = "$(inherited) @executable_path/Frameworks @loader_path/Frameworks";
				PRODUCT_NAME = "$(TARGET_NAME)";
				TEST_HOST = "$(BUILT_PRODUCTS_DIR)/UbuduIndoorLocation.app/UbuduIndoorLocation";
			};
			name = Debug;
		};
		A457DE3B1B0E1B4100277EDC /* Release */ = {
			isa = XCBuildConfiguration;
			buildSettings = {
				BUNDLE_LOADER = "$(TEST_HOST)";
				FRAMEWORK_SEARCH_PATHS = (
					"$(SDKROOT)/Developer/Library/Frameworks",
					"$(inherited)",
				);
				INFOPLIST_FILE = UbuduIndoorLocationTests/Info.plist;
				LD_RUNPATH_SEARCH_PATHS = "$(inherited) @executable_path/Frameworks @loader_path/Frameworks";
				PRODUCT_NAME = "$(TARGET_NAME)";
				TEST_HOST = "$(BUILT_PRODUCTS_DIR)/UbuduIndoorLocation.app/UbuduIndoorLocation";
			};
			name = Release;
		};
/* End XCBuildConfiguration section */

/* Begin XCConfigurationList section */
		A457DE0E1B0E1B4000277EDC /* Build configuration list for PBXProject "UbuduIndoorLocation" */ = {
			isa = XCConfigurationList;
			buildConfigurations = (
				A457DE341B0E1B4100277EDC /* Debug */,
				A457DE351B0E1B4100277EDC /* Release */,
			);
			defaultConfigurationIsVisible = 0;
			defaultConfigurationName = Release;
		};
		A457DE361B0E1B4100277EDC /* Build configuration list for PBXNativeTarget "UbuduIndoorLocation" */ = {
			isa = XCConfigurationList;
			buildConfigurations = (
				A457DE371B0E1B4100277EDC /* Debug */,
				A457DE381B0E1B4100277EDC /* Release */,
			);
			defaultConfigurationIsVisible = 0;
			defaultConfigurationName = Release;
		};
		A457DE391B0E1B4100277EDC /* Build configuration list for PBXNativeTarget "UbuduIndoorLocationTests" */ = {
			isa = XCConfigurationList;
			buildConfigurations = (
				A457DE3A1B0E1B4100277EDC /* Debug */,
				A457DE3B1B0E1B4100277EDC /* Release */,
			);
			defaultConfigurationIsVisible = 0;
			defaultConfigurationName = Release;
		};
/* End XCConfigurationList section */
	};
	rootObject = A457DE0B1B0E1B4000277EDC /* Project object */;
}
